Microsoft Visual Studio Solution File, Format Version 12.00
# Visual Studio Version 17
VisualStudioVersion = 17.5.2.0
MinimumVisualStudioVersion = 10.0.40219.1
Project("{FAE04EC0-301F-11D3-BF4B-00C04F79EFBC}") = "ManagementSystem", "ManagementSystem.csproj", "{0EBFFB6B-C932-5D92-3C7D-6851882EC1DB}"
EndProject
Global
	GlobalSection(SolutionConfigurationPlatforms) = preSolution
		Debug|Any CPU = Debug|Any CPU
		Release|Any CPU = Release|Any CPU
	EndGlobalSection
	GlobalSection(ProjectConfigurationPlatforms) = postSolution
		{0EBFFB6B-C932-5D92-3C7D-6851882EC1DB}.Debug|Any CPU.ActiveCfg = Debug|Any CPU
		{0EBFFB6B-C932-5D92-3C7D-6851882EC1DB}.Debug|Any CPU.Build.0 = Debug|Any CPU
		{0EBFFB6B-C932-5D92-3C7D-6851882EC1DB}.Release|Any CPU.ActiveCfg = Release|Any CPU
		{0EBFFB6B-C932-5D92-3C7D-6851882EC1DB}.Release|Any CPU.Build.0 = Release|Any CPU
	EndGlobalSection
	GlobalSection(SolutionProperties) = preSolution
		HideSolutionNode = FALSE
	EndGlobalSection
	GlobalSection(ExtensibilityGlobals) = postSolution
		SolutionGuid = {04FBCD8B-89FE-4B26-ABD8-A18513F2EE8D}
	EndGlobalSection
EndGlobal
